
Microsoft Visual Studio Solution File, Format Version 12.00
# Visual Studio Version 16
VisualStudioVersion = 16.0.31025.194
MinimumVisualStudioVersion = 10.0.40219.1
Project("{FAE04EC0-301F-11D3-BF4B-00C04F79EFBC}") = "CRUD Operations", "CRUD Operations.csproj", "{EBBB4606-337E-4E80-951A-B58B7321982C}"
EndProject
Global
	GlobalSection(SolutionConfigurationPlatforms) = preSolution
		Debug|Any CPU = Debug|Any CPU
		Release|Any CPU = Release|Any CPU
	EndGlobalSection
	GlobalSection(ProjectConfigurationPlatforms) = postSolution
		{EBBB4606-337E-4E80-951A-B58B7321982C}.Debug|Any CPU.ActiveCfg = Debug|Any CPU
		{EBBB4606-337E-4E80-951A-B58B7321982C}.Debug|Any CPU.Build.0 = Debug|Any CPU
		{EBBB4606-337E-4E80-951A-B58B7321982C}.Release|Any CPU.ActiveCfg = Release|Any CPU
		{EBBB4606-337E-4E80-951A-B58B7321982C}.Release|Any CPU.Build.0 = Release|Any CPU
	EndGlobalSection
	GlobalSection(SolutionProperties) = preSolution
		HideSolutionNode = FALSE
	EndGlobalSection
	GlobalSection(ExtensibilityGlobals) = postSolution
		SolutionGuid = {CE9DF485-1131-4F8E-91D8-4068946986A2}
	EndGlobalSection
EndGlobal
